version = 1
revision = 3
requires-python = ">=3.11"

[[package]]
name = "confluent-kafka"
version = "2.12.0"
source = { registry = "https://pypi.org/simple" }
dependencies = [
    { name = "tomli", marker = "python_full_version < '3.13'" },
]
sdist = { url = "https://files.pythonhosted.org/packages/78/5e/ceed3dd7e69ecdb1197b625fd6248fa1bbb44782def202609421b8a273fa/confluent_kafka-2.12.0.tar.gz", hash = "sha256:2a8d8734c6eaf30a751dde2ad75fc78b35aad60d66a3a7aa837c7513f36c29b7", size = 250313, upload-time = "2025-10-10T00:08:01.932Z" }
wheels = [
    { url = "https://files.pythonhosted.org/packages/8d/de/76550b1e875aca34e2f1c8d369ec63136db3b19e0c43b0374a5f338ebe93/confluent_kafka-2.12.0-cp311-cp311-macosx_10_9_x86_64.whl", hash = "sha256:737a08fd5e1e3b73317b6c6ca26c7c54137fa9f734e16a389f2e9f8637b5aaa1", size = 3592815, upload-time = "2025-10-10T00:07:02.471Z" },
    { url = "https://files.pythonhosted.org/packages/dd/b5/49c6c3de995966f35f8c0343a7b31a5cae0506345a4e7df063c8cfe1266a/confluent_kafka-2.12.0-cp311-cp311-macosx_11_0_arm64.whl", hash = "sha256:17d49c465a312f7cbb6b84aff5437f670b0db748660da241a2adf08ee72e86c7", size = 3152780, upload-time = "2025-10-10T00:07:04.345Z" },
    { url = "https://files.pythonhosted.org/packages/43/a6/34b996cf39660b82d2b124369c88923ca0e49a7235f70c0071a33e0ac678/confluent_kafka-2.12.0-cp311-cp311-manylinux_2_28_aarch64.whl", hash = "sha256:e4d4ee68eb92fce723dc3f79b4bedce552b575cdda9abe0b2adc387542ffb20d", size = 3690531, upload-time = "2025-10-10T00:07:06.479Z" },
    { url = "https://files.pythonhosted.org/packages/e8/cf/e09180b0d5123a401742af45e0795566e4b93500c197fcdc472bd42b371a/confluent_kafka-2.12.0-cp311-cp311-manylinux_2_28_x86_64.whl", hash = "sha256:5404760ec45d43257b68acf6e52071aeb9a613957008713e51d166f2e5b07965", size = 3942745, upload-time = "2025-10-10T00:07:08.243Z" },
    { url = "https://files.pythonhosted.org/packages/89/a9/d6d184d2885c1acb0f0f0d4eb55f674f4e7ecbc1c4232120b7a2f05db33e/confluent_kafka-2.12.0-cp311-cp311-win_amd64.whl", hash = "sha256:4b3b8321a7d84e01fae98e9eb982e73d974ba018a2db90c1c8f2a2f68313f865", size = 4067464, upload-time = "2025-10-10T00:07:09.993Z" },
    { url = "https://files.pythonhosted.org/packages/c5/58/4acfe1f2ed78e0d788b9336c2805a14e77893bfcff307fc039347fd51d19/confluent_kafka-2.12.0-cp312-cp312-macosx_10_9_x86_64.whl", hash = "sha256:e41f18fd554c3916c769d0a4137c8b754eb2358101775b08ba79e6d75916c7c5", size = 3598442, upload-time = "2025-10-10T00:07:11.843Z" },
    { url = "https://files.pythonhosted.org/packages/9a/f4/3e9fcdeed825ebae47b17326422c7cc8bcc92e717a1dc48912f60947230d/confluent_kafka-2.12.0-cp312-cp312-macosx_11_0_arm64.whl", hash = "sha256:71c0893037869ea8164ec62fd42995c93eee9d667eed8ca85ce3a36ab37341a8", size = 3157794, upload-time = "2025-10-10T00:07:13.491Z" },
    { url = "https://files.pythonhosted.org/packages/55/38/73041681c46ca651d614675bb3f714d6faabf68a51cfa9fec1ef12017972/confluent_kafka-2.12.0-cp312-cp312-manylinux_2_28_aarch64.whl", hash = "sha256:01219f2e93ab25377444721bb8080467d0dae66a584faf4eeadaab842f6a86b5", size = 3694910, upload-time = "2025-10-10T00:07:15.685Z" },
    { url = "https://files.pythonhosted.org/packages/dd/f1/c5f431a3ba8f654623fd834bffd446abe7cd09b75efcd8ded6a0168292c5/confluent_kafka-2.12.0-cp312-cp312-manylinux_2_28_x86_64.whl", hash = "sha256:fb65a64745e5308b7890f8caf26261ea29bae32961412f80ff29bf982a0e35d9", size = 3947064, upload-time = "2025-10-10T00:07:18.24Z" },
    { url = "https://files.pythonhosted.org/packages/20/78/867a487bdfeadc6517a8e484ea26dcfc7131286c104dd94e012a3ae2dfe5/confluent_kafka-2.12.0-cp312-cp312-win_amd64.whl", hash = "sha256:5feda9d5e49b571264f4ce50f0b30b0d00b978cedd78fb863bf1defa4c0438dc", size = 4068121, upload-time = "2025-10-10T00:07:19.972Z" },
    { url = "https://files.pythonhosted.org/packages/9e/41/c098a35535d063f2a52930ec7d99f1d619fb0fa4cab7faf35a6fd159f834/confluent_kafka-2.12.0-cp313-cp313-macosx_15_0_arm64.whl", hash = "sha256:e950516caef3419a2f1988f539890e3ac4252573dbb6f6dd5e039570ed0f1ccf", size = 3162889, upload-time = "2025-10-10T00:07:22.061Z" },
    { url = "https://files.pythonhosted.org/packages/c8/92/f948f50ee2d712a73cadc0b92dc90245216aebe8bfa249d8700cabcf5d86/confluent_kafka-2.12.0-cp313-cp313-macosx_15_0_x86_64.whl", hash = "sha256:5be15a3a933f286bdd90a136c06d2f101e5d328b89add565a00164462e930f0c", size = 3602132, upload-time = "2025-10-10T00:07:23.706Z" },
    { url = "https://files.pythonhosted.org/packages/f3/77/9733f83fab79603437a6013bf99755ce9cf901ea6c84c8a8df39b09f983c/confluent_kafka-2.12.0-cp313-cp313-manylinux_2_28_aarch64.whl", hash = "sha256:5b236849e5f7a35c10b80aa9d6d5e64279af03ef25980b3f19ce2aa8af28902e", size = 3695301, upload-time = "2025-10-10T00:07:25.834Z" },
    { url = "https://files.pythonhosted.org/packages/6c/bc/1ccb48494d38e020bc5fbf68368ef81cb8d8f972b0ca5af88c9c94c27b98/confluent_kafka-2.12.0-cp313-cp313-manylinux_2_28_x86_64.whl", hash = "sha256:1418d0029a171bb47242f9e82ace7c51b1c2f7d690fcb5dc30fa0649c251333e", size = 3947466, upload-time = "2025-10-10T00:07:27.597Z" },
    { url = "https://files.pythonhosted.org/packages/ce/5c/2ced6677591913041fe1dd057f78a0b95a847169d89753c67c198c746e4c/confluent_kafka-2.12.0-cp313-cp313-win_amd64.whl", hash = "sha256:1ad3a90ff25bd6055b87091b4b8528361f8bdce0976417e22047a1c85f709c21", size = 4127799, upload-time = "2025-10-10T00:07:29.338Z" },
]

[[package]]
name = "fastavro"
version = "1.12.1"
source = { registry = "https://pypi.org/simple" }
sdist = { url = "https://files.pythonhosted.org/packages/65/8b/fa2d3287fd2267be6261d0177c6809a7fa12c5600ddb33490c8dc29e77b2/fastavro-1.12.1.tar.gz", hash = "sha256:2f285be49e45bc047ab2f6bed040bb349da85db3f3c87880e4b92595ea093b2b", size = 1025661, upload-time = "2025-10-10T15:40:55.41Z" }
wheels = [
    { url = "https://files.pythonhosted.org/packages/a0/e9/31c64b47cefc0951099e7c0c8c8ea1c931edd1350f34d55c27cbfbb08df1/fastavro-1.12.1-cp311-cp311-macosx_10_9_universal2.whl", hash = "sha256:6b632b713bc5d03928a87d811fa4a11d5f25cd43e79c161e291c7d3f7aa740fd", size = 1016585, upload-time = "2025-10-10T15:41:13.717Z" },
    { url = "https://files.pythonhosted.org/packages/10/76/111560775b548f5d8d828c1b5285ff90e2d2745643fb80ecbf115344eea4/fastavro-1.12.1-cp311-cp311-manylinux2014_aarch64.manylinux_2_17_aarch64.manylinux_2_28_aarch64.whl", hash = "sha256:eaa7ab3769beadcebb60f0539054c7755f63bd9cf7666e2c15e615ab605f89a8", size = 3404629, upload-time = "2025-10-10T15:41:15.642Z" },
    { url = "https://files.pythonhosted.org/packages/b0/07/6bb93cb963932146c2b6c5c765903a0a547ad9f0f8b769a4a9aad8c06369/fastavro-1.12.1-cp311-cp311-manylinux2014_x86_64.manylinux_2_17_x86_64.manylinux_2_28_x86_64.whl", hash = "sha256:123fb221df3164abd93f2d042c82f538a1d5a43ce41375f12c91ce1355a9141e", size = 3428594, upload-time = "2025-10-10T15:41:17.779Z" },
    { url = "https://files.pythonhosted.org/packages/d1/67/8115ec36b584197ea737ec79e3499e1f1b640b288d6c6ee295edd13b80f6/fastavro-1.12.1-cp311-cp311-musllinux_1_2_aarch64.whl", hash = "sha256:632a4e3ff223f834ddb746baae0cc7cee1068eb12c32e4d982c2fee8a5b483d0", size = 3344145, upload-time = "2025-10-10T15:41:19.89Z" },
    { url = "https://files.pythonhosted.org/packages/9e/9e/a7cebb3af967e62539539897c10138fa0821668ec92525d1be88a9cd3ee6/fastavro-1.12.1-cp311-cp311-musllinux_1_2_x86_64.whl", hash = "sha256:83e6caf4e7a8717d932a3b1ff31595ad169289bbe1128a216be070d3a8391671", size = 3431942, upload-time = "2025-10-10T15:41:22.076Z" },
    { url = "https://files.pythonhosted.org/packages/c0/d1/7774ddfb8781c5224294c01a593ebce2ad3289b948061c9701bd1903264d/fastavro-1.12.1-cp311-cp311-win_amd64.whl", hash = "sha256:b91a0fe5a173679a6c02d53ca22dcaad0a2c726b74507e0c1c2e71a7c3f79ef9", size = 450542, upload-time = "2025-10-10T15:41:23.333Z" },
    { url = "https://files.pythonhosted.org/packages/7c/f0/10bd1a3d08667fa0739e2b451fe90e06df575ec8b8ba5d3135c70555c9bd/fastavro-1.12.1-cp312-cp312-macosx_10_13_universal2.whl", hash = "sha256:509818cb24b98a804fc80be9c5fed90f660310ae3d59382fc811bfa187122167", size = 1009057, upload-time = "2025-10-10T15:41:24.556Z" },
    { url = "https://files.pythonhosted.org/packages/78/ad/0d985bc99e1fa9e74c636658000ba38a5cd7f5ab2708e9c62eaf736ecf1a/fastavro-1.12.1-cp312-cp312-manylinux2014_aarch64.manylinux_2_17_aarch64.manylinux_2_28_aarch64.whl", hash = "sha256:089e155c0c76e0d418d7e79144ce000524dd345eab3bc1e9c5ae69d500f71b14", size = 3391866, upload-time = "2025-10-10T15:41:26.882Z" },
    { url = "https://files.pythonhosted.org/packages/0d/9e/b4951dc84ebc34aac69afcbfbb22ea4a91080422ec2bfd2c06076ff1d419/fastavro-1.12.1-cp312-cp312-manylinux2014_x86_64.manylinux_2_17_x86_64.manylinux_2_28_x86_64.whl", hash = "sha256:44cbff7518901c91a82aab476fcab13d102e4999499df219d481b9e15f61af34", size = 3458005, upload-time = "2025-10-10T15:41:29.017Z" },
    { url = "https://files.pythonhosted.org/packages/af/f8/5a8df450a9f55ca8441f22ea0351d8c77809fc121498b6970daaaf667a21/fastavro-1.12.1-cp312-cp312-musllinux_1_2_aarch64.whl", hash = "sha256:a275e48df0b1701bb764b18a8a21900b24cf882263cb03d35ecdba636bbc830b", size = 3295258, upload-time = "2025-10-10T15:41:31.564Z" },
    { url = "https://files.pythonhosted.org/packages/99/b2/40f25299111d737e58b85696e91138a66c25b7334f5357e7ac2b0e8966f8/fastavro-1.12.1-cp312-cp312-musllinux_1_2_x86_64.whl", hash = "sha256:2de72d786eb38be6b16d556b27232b1bf1b2797ea09599507938cdb7a9fe3e7c", size = 3430328, upload-time = "2025-10-10T15:41:33.689Z" },
    { url = "https://files.pythonhosted.org/packages/e0/07/85157a7c57c5f8b95507d7829b5946561e5ee656ff80e9dd9a757f53ddaf/fastavro-1.12.1-cp312-cp312-win_amd64.whl", hash = "sha256:9090f0dee63fe022ee9cc5147483366cc4171c821644c22da020d6b48f576b4f", size = 444140, upload-time = "2025-10-10T15:41:34.902Z" },
    { url = "https://files.pythonhosted.org/packages/bb/57/26d5efef9182392d5ac9f253953c856ccb66e4c549fd3176a1e94efb05c9/fastavro-1.12.1-cp313-cp313-macosx_10_13_universal2.whl", hash = "sha256:78df838351e4dff9edd10a1c41d1324131ffecbadefb9c297d612ef5363c049a", size = 1000599, upload-time = "2025-10-10T15:41:36.554Z" },
    { url = "https://files.pythonhosted.org/packages/33/cb/8ab55b21d018178eb126007a56bde14fd01c0afc11d20b5f2624fe01e698/fastavro-1.12.1-cp313-cp313-manylinux2014_aarch64.manylinux_2_17_aarch64.manylinux_2_28_aarch64.whl", hash = "sha256:780476c23175d2ae457c52f45b9ffa9d504593499a36cd3c1929662bf5b7b14b", size = 3335933, upload-time = "2025-10-10T15:41:39.07Z" },
    { url = "https://files.pythonhosted.org/packages/fe/03/9c94ec9bf873eb1ffb0aa694f4e71940154e6e9728ddfdc46046d7e8ced4/fastavro-1.12.1-cp313-cp313-manylinux2014_x86_64.manylinux_2_17_x86_64.manylinux_2_28_x86_64.whl", hash = "sha256:0714b285160fcd515eb0455540f40dd6dac93bdeacdb03f24e8eac3d8aa51f8d", size = 3402066, upload-time = "2025-10-10T15:41:41.608Z" },
    { url = "https://files.pythonhosted.org/packages/75/c8/cb472347c5a584ccb8777a649ebb28278fccea39d005fc7df19996f41df8/fastavro-1.12.1-cp313-cp313-musllinux_1_2_aarch64.whl", hash = "sha256:a8bc2dcec5843d499f2489bfe0747999108f78c5b29295d877379f1972a3d41a", size = 3240038, upload-time = "2025-10-10T15:41:43.743Z" },
    { url = "https://files.pythonhosted.org/packages/e1/77/569ce9474c40304b3a09e109494e020462b83e405545b78069ddba5f614e/fastavro-1.12.1-cp313-cp313-musllinux_1_2_x86_64.whl", hash = "sha256:3b1921ac35f3d89090a5816b626cf46e67dbecf3f054131f84d56b4e70496f45", size = 3369398, upload-time = "2025-10-10T15:41:45.719Z" },
    { url = "https://files.pythonhosted.org/packages/4a/1f/9589e35e9ea68035385db7bdbf500d36b8891db474063fb1ccc8215ee37c/fastavro-1.12.1-cp313-cp313-win_amd64.whl", hash = "sha256:5aa777b8ee595b50aa084104cd70670bf25a7bbb9fd8bb5d07524b0785ee1699", size = 444220, upload-time = "2025-10-10T15:41:47.39Z" },
    { url = "https://files.pythonhosted.org/packages/6c/d2/78435fe737df94bd8db2234b2100f5453737cffd29adee2504a2b013de84/fastavro-1.12.1-cp313-cp313t-macosx_10_13_universal2.whl", hash = "sha256:c3d67c47f177e486640404a56f2f50b165fe892cc343ac3a34673b80cc7f1dd6", size = 1086611, upload-time = "2025-10-10T15:41:48.818Z" },
    { url = "https://files.pythonhosted.org/packages/b6/be/428f99b10157230ddac77ec8cc167005b29e2bd5cbe228345192bb645f30/fastavro-1.12.1-cp313-cp313t-manylinux2014_aarch64.manylinux_2_17_aarch64.manylinux_2_28_aarch64.whl", hash = "sha256:5217f773492bac43dae15ff2931432bce2d7a80be7039685a78d3fab7df910bd", size = 3541001, upload-time = "2025-10-10T15:41:50.871Z" },
    { url = "https://files.pythonhosted.org/packages/16/08/a2eea4f20b85897740efe44887e1ac08f30dfa4bfc3de8962bdcbb21a5a1/fastavro-1.12.1-cp313-cp313t-manylinux2014_x86_64.manylinux_2_17_x86_64.manylinux_2_28_x86_64.whl", hash = "sha256:469fecb25cba07f2e1bfa4c8d008477cd6b5b34a59d48715e1b1a73f6160097d", size = 3432217, upload-time = "2025-10-10T15:41:53.149Z" },
    { url = "https://files.pythonhosted.org/packages/87/bb/b4c620b9eb6e9838c7f7e4b7be0762834443adf9daeb252a214e9ad3178c/fastavro-1.12.1-cp313-cp313t-musllinux_1_2_aarch64.whl", hash = "sha256:d71c8aa841ef65cfab709a22bb887955f42934bced3ddb571e98fdbdade4c609", size = 3366742, upload-time = "2025-10-10T15:41:55.237Z" },
    { url = "https://files.pythonhosted.org/packages/3d/d1/e69534ccdd5368350646fea7d93be39e5f77c614cca825c990bd9ca58f67/fastavro-1.12.1-cp313-cp313t-musllinux_1_2_x86_64.whl", hash = "sha256:b81fc04e85dfccf7c028e0580c606e33aa8472370b767ef058aae2c674a90746", size = 3383743, upload-time = "2025-10-10T15:41:57.68Z" },
    { url = "https://files.pythonhosted.org/packages/58/54/b7b4a0c3fb5fcba38128542da1b26c4e6d69933c923f493548bdfd63ab6a/fastavro-1.12.1-cp314-cp314-macosx_10_15_universal2.whl", hash = "sha256:9445da127751ba65975d8e4bdabf36bfcfdad70fc35b2d988e3950cce0ec0e7c", size = 1001377, upload-time = "2025-10-10T15:41:59.241Z" },
    { url = "https://files.pythonhosted.org/packages/1e/4f/0e589089c7df0d8f57d7e5293fdc34efec9a3b758a0d4d0c99a7937e2492/fastavro-1.12.1-cp314-cp314-manylinux2014_aarch64.manylinux_2_17_aarch64.manylinux_2_28_aarch64.whl", hash = "sha256:ed924233272719b5d5a6a0b4d80ef3345fc7e84fc7a382b6232192a9112d38a6", size = 3320401, upload-time = "2025-10-10T15:42:01.682Z" },
    { url = "https://files.pythonhosted.org/packages/f9/19/260110d56194ae29d7e423a336fccea8bcd103196d00f0b364b732bdb84e/fastavro-1.12.1-cp314-cp314-manylinux2014_x86_64.manylinux_2_17_x86_64.manylinux_2_28_x86_64.whl", hash = "sha256:3616e2f0e1c9265e92954fa099db79c6e7817356d3ff34f4bcc92699ae99697c", size = 3350894, upload-time = "2025-10-10T15:42:04.073Z" },
    { url = "https://files.pythonhosted.org/packages/d0/96/58b0411e8be9694d5972bee3167d6c1fd1fdfdf7ce253c1a19a327208f4f/fastavro-1.12.1-cp314-cp314-musllinux_1_2_aarch64.whl", hash = "sha256:cb0337b42fd3c047fcf0e9b7597bd6ad25868de719f29da81eabb6343f08d399", size = 3229644, upload-time = "2025-10-10T15:42:06.221Z" },
    { url = "https://files.pythonhosted.org/packages/5b/db/38660660eac82c30471d9101f45b3acfdcbadfe42d8f7cdb129459a45050/fastavro-1.12.1-cp314-cp314-musllinux_1_2_x86_64.whl", hash = "sha256:64961ab15b74b7c168717bbece5660e0f3d457837c3cc9d9145181d011199fa7", size = 3329704, upload-time = "2025-10-10T15:42:08.384Z" },
    { url = "https://files.pythonhosted.org/packages/9d/a9/1672910f458ecb30b596c9e59e41b7c00309b602a0494341451e92e62747/fastavro-1.12.1-cp314-cp314-win_amd64.whl", hash = "sha256:792356d320f6e757e89f7ac9c22f481e546c886454a6709247f43c0dd7058004", size = 452911, upload-time = "2025-10-10T15:42:09.795Z" },
    { url = "https://files.pythonhosted.org/packages/dc/8d/2e15d0938ded1891b33eff252e8500605508b799c2e57188a933f0bd744c/fastavro-1.12.1-cp314-cp314t-manylinux2014_aarch64.manylinux_2_17_aarch64.manylinux_2_28_aarch64.whl", hash = "sha256:120aaf82ac19d60a1016afe410935fe94728752d9c2d684e267e5b7f0e70f6d9", size = 3541999, upload-time = "2025-10-10T15:42:11.794Z" },
    { url = "https://files.pythonhosted.org/packages/a7/1c/6dfd082a205be4510543221b734b1191299e6a1810c452b6bc76dfa6968e/fastavro-1.12.1-cp314-cp314t-manylinux2014_x86_64.manylinux_2_17_x86_64.manylinux_2_28_x86_64.whl", hash = "sha256:b6a3462934b20a74f9ece1daa49c2e4e749bd9a35fa2657b53bf62898fba80f5", size = 3433972, upload-time = "2025-10-10T15:42:14.485Z" },
    { url = "https://files.pythonhosted.org/packages/24/90/9de694625a1a4b727b1ad0958d220cab25a9b6cf7f16a5c7faa9ea7b2261/fastavro-1.12.1-cp314-cp314t-musllinux_1_2_aarch64.whl", hash = "sha256:1f81011d54dd47b12437b51dd93a70a9aa17b61307abf26542fc3c13efbc6c51", size = 3368752, upload-time = "2025-10-10T15:42:16.618Z" },
    { url = "https://files.pythonhosted.org/packages/fa/93/b44f67589e4d439913dab6720f7e3507b0fa8b8e56d06f6fc875ced26afb/fastavro-1.12.1-cp314-cp314t-musllinux_1_2_x86_64.whl", hash = "sha256:43ded16b3f4a9f1a42f5970c2aa618acb23ea59c4fcaa06680bdf470b255e5a8", size = 3386636, upload-time = "2025-10-10T15:42:18.974Z" },
]

[[package]]
name = "historical-quotes"
version = "0.1.0"
source = { virtual = "." }
dependencies = [
    { name = "confluent-kafka" },
    { name = "fastavro" },
    { name = "python-dotenv" },
]

[package.metadata]
requires-dist = [
    { name = "confluent-kafka", specifier = ">=2.12.0" },
    { name = "fastavro", specifier = ">=1.12.1" },
    { name = "python-dotenv", specifier = ">=1.1.1" },
]

[[package]]
name = "python-dotenv"
version = "1.1.1"
source = { registry = "https://pypi.org/simple" }
sdist = { url = "https://files.pythonhosted.org/packages/f6/b0/4bc07ccd3572a2f9df7e6782f52b0c6c90dcbb803ac4a167702d7d0dfe1e/python_dotenv-1.1.1.tar.gz", hash = "sha256:a8a6399716257f45be6a007360200409fce5cda2661e3dec71d23dc15f6189ab", size = 41978, upload-time = "2025-06-24T04:21:07.341Z" }
wheels = [
    { url = "https://files.pythonhosted.org/packages/5f/ed/539768cf28c661b5b068d66d96a2f155c4971a5d55684a514c1a0e0dec2f/python_dotenv-1.1.1-py3-none-any.whl", hash = "sha256:31f23644fe2602f88ff55e1f5c79ba497e01224ee7737937930c448e4d0e24dc", size = 20556, upload-time = "2025-06-24T04:21:06.073Z" },
]

[[package]]
name = "tomli"
version = "2.3.0"
source = { registry = "https://pypi.org/simple" }
sdist = { url = "https://files.pythonhosted.org/packages/52/ed/3f73f72945444548f33eba9a87fc7a6e969915e7b1acc8260b30e1f76a2f/tomli-2.3.0.tar.gz", hash = "sha256:64be704a875d2a59753d80ee8a533c3fe183e3f06807ff7dc2232938ccb01549", size = 17392, upload-time = "2025-10-08T22:01:47.119Z" }
wheels = [
    { url = "https://files.pythonhosted.org/packages/b3/2e/299f62b401438d5fe1624119c723f5d877acc86a4c2492da405626665f12/tomli-2.3.0-cp311-cp311-macosx_10_9_x86_64.whl", hash = "sha256:88bd15eb972f3664f5ed4b57c1634a97153b4bac4479dcb6a495f41921eb7f45", size = 153236, upload-time = "2025-10-08T22:01:00.137Z" },
    { url = "https://files.pythonhosted.org/packages/86/7f/d8fffe6a7aefdb61bced88fcb5e280cfd71e08939da5894161bd71bea022/tomli-2.3.0-cp311-cp311-macosx_11_0_arm64.whl", hash = "sha256:883b1c0d6398a6a9d29b508c331fa56adbcdff647f6ace4dfca0f50e90dfd0ba", size = 148084, upload-time = "2025-10-08T22:01:01.63Z" },
    { url = "https://files.pythonhosted.org/packages/47/5c/24935fb6a2ee63e86d80e4d3b58b222dafaf438c416752c8b58537c8b89a/tomli-2.3.0-cp311-cp311-manylinux2014_aarch64.manylinux_2_17_aarch64.manylinux_2_28_aarch64.whl", hash = "sha256:d1381caf13ab9f300e30dd8feadb3de072aeb86f1d34a8569453ff32a7dea4bf", size = 234832, upload-time = "2025-10-08T22:01:02.543Z" },
    { url = "https://files.pythonhosted.org/packages/89/da/75dfd804fc11e6612846758a23f13271b76d577e299592b4371a4ca4cd09/tomli-2.3.0-cp311-cp311-manylinux2014_x86_64.manylinux_2_17_x86_64.manylinux_2_28_x86_64.whl", hash = "sha256:a0e285d2649b78c0d9027570d4da3425bdb49830a6156121360b3f8511ea3441", size = 242052, upload-time = "2025-10-08T22:01:03.836Z" },
    { url = "https://files.pythonhosted.org/packages/70/8c/f48ac899f7b3ca7eb13af73bacbc93aec37f9c954df3c08ad96991c8c373/tomli-2.3.0-cp311-cp311-musllinux_1_2_aarch64.whl", hash = "sha256:0a154a9ae14bfcf5d8917a59b51ffd5a3ac1fd149b71b47a3a104ca4edcfa845", size = 239555, upload-time = "2025-10-08T22:01:04.834Z" },
    { url = "https://files.pythonhosted.org/packages/ba/28/72f8afd73f1d0e7829bfc093f4cb98ce0a40ffc0cc997009ee1ed94ba705/tomli-2.3.0-cp311-cp311-musllinux_1_2_x86_64.whl", hash = "sha256:74bf8464ff93e413514fefd2be591c3b0b23231a77f901db1eb30d6f712fc42c", size = 245128, upload-time = "2025-10-08T22:01:05.84Z" },
    { url = "https://files.pythonhosted.org/packages/b6/eb/a7679c8ac85208706d27436e8d421dfa39d4c914dcf5fa8083a9305f58d9/tomli-2.3.0-cp311-cp311-win32.whl", hash = "sha256:00b5f5d95bbfc7d12f91ad8c593a1659b6387b43f054104cda404be6bda62456", size = 96445, upload-time = "2025-10-08T22:01:06.896Z" },
    { url = "https://files.pythonhosted.org/packages/0a/fe/3d3420c4cb1ad9cb462fb52967080575f15898da97e21cb6f1361d505383/tomli-2.3.0-cp311-cp311-win_amd64.whl", hash = "sha256:4dc4ce8483a5d429ab602f111a93a6ab1ed425eae3122032db7e9acf449451be", size = 107165, upload-time = "2025-10-08T22:01:08.107Z" },
    { url = "https://files.pythonhosted.org/packages/ff/b7/40f36368fcabc518bb11c8f06379a0fd631985046c038aca08c6d6a43c6e/tomli-2.3.0-cp312-cp312-macosx_10_13_x86_64.whl", hash = "sha256:d7d86942e56ded512a594786a5ba0a5e521d02529b3826e7761a05138341a2ac", size = 154891, upload-time = "2025-10-08T22:01:09.082Z" },
    { url = "https://files.pythonhosted.org/packages/f9/3f/d9dd692199e3b3aab2e4e4dd948abd0f790d9ded8cd10cbaae276a898434/tomli-2.3.0-cp312-cp312-macosx_11_0_arm64.whl", hash = "sha256:73ee0b47d4dad1c5e996e3cd33b8a76a50167ae5f96a2607cbe8cc773506ab22", size = 148796, upload-time = "2025-10-08T22:01:10.266Z" },
    { url = "https://files.pythonhosted.org/packages/60/83/59bff4996c2cf9f9387a0f5a3394629c7efa5ef16142076a23a90f1955fa/tomli-2.3.0-cp312-cp312-manylinux2014_aarch64.manylinux_2_17_aarch64.manylinux_2_28_aarch64.whl", hash = "sha256:792262b94d5d0a466afb5bc63c7daa9d75520110971ee269152083270998316f", size = 242121, upload-time = "2025-10-08T22:01:11.332Z" },
    { url = "https://files.pythonhosted.org/packages/45/e5/7c5119ff39de8693d6baab6c0b6dcb556d192c165596e9fc231ea1052041/tomli-2.3.0-cp312-cp312-manylinux2014_x86_64.manylinux_2_17_x86_64.manylinux_2_28_x86_64.whl", hash = "sha256:4f195fe57ecceac95a66a75ac24d9d5fbc98ef0962e09b2eddec5d39375aae52", size = 250070, upload-time = "2025-10-08T22:01:12.498Z" },
    { url = "https://files.pythonhosted.org/packages/45/12/ad5126d3a278f27e6701abde51d342aa78d06e27ce2bb596a01f7709a5a2/tomli-2.3.0-cp312-cp312-musllinux_1_2_aarch64.whl", hash = "sha256:e31d432427dcbf4d86958c184b9bfd1e96b5b71f8eb17e6d02531f434fd335b8", size = 245859, upload-time = "2025-10-08T22:01:13.551Z" },
    { url = "https://files.pythonhosted.org/packages/fb/a1/4d6865da6a71c603cfe6ad0e6556c73c76548557a8d658f9e3b142df245f/tomli-2.3.0-cp312-cp312-musllinux_1_2_x86_64.whl", hash = "sha256:7b0882799624980785240ab732537fcfc372601015c00f7fc367c55308c186f6", size = 250296, upload-time = "2025-10-08T22:01:14.614Z" },
    { url = "https://files.pythonhosted.org/packages/a0/b7/a7a7042715d55c9ba6e8b196d65d2cb662578b4d8cd17d882d45322b0d78/tomli-2.3.0-cp312-cp312-win32.whl", hash = "sha256:ff72b71b5d10d22ecb084d345fc26f42b5143c5533db5e2eaba7d2d335358876", size = 97124, upload-time = "2025-10-08T22:01:15.629Z" },
    { url = "https://files.pythonhosted.org/packages/06/1e/f22f100db15a68b520664eb3328fb0ae4e90530887928558112c8d1f4515/tomli-2.3.0-cp312-cp312-win_amd64.whl", hash = "sha256:1cb4ed918939151a03f33d4242ccd0aa5f11b3547d0cf30f7c74a408a5b99878", size = 107698, upload-time = "2025-10-08T22:01:16.51Z" },
    { url = "https://files.pythonhosted.org/packages/89/48/06ee6eabe4fdd9ecd48bf488f4ac783844fd777f547b8d1b61c11939974e/tomli-2.3.0-cp313-cp313-macosx_10_13_x86_64.whl", hash = "sha256:5192f562738228945d7b13d4930baffda67b69425a7f0da96d360b0a3888136b", size = 154819, upload-time = "2025-10-08T22:01:17.964Z" },
    { url = "https://files.pythonhosted.org/packages/f1/01/88793757d54d8937015c75dcdfb673c65471945f6be98e6a0410fba167ed/tomli-2.3.0-cp313-cp313-macosx_11_0_arm64.whl", hash = "sha256:be71c93a63d738597996be9528f4abe628d1adf5e6eb11607bc8fe1a510b5dae", size = 148766, upload-time = "2025-10-08T22:01:18.959Z" },
    { url = "https://files.pythonhosted.org/packages/42/17/5e2c956f0144b812e7e107f94f1cc54af734eb17b5191c0bbfb72de5e93e/tomli-2.3.0-cp313-cp313-manylinux2014_aarch64.manylinux_2_17_aarch64.manylinux_2_28_aarch64.whl", hash = "sha256:c4665508bcbac83a31ff8ab08f424b665200c0e1e645d2bd9ab3d3e557b6185b", size = 240771, upload-time = "2025-10-08T22:01:20.106Z" },
    { url = "https://files.pythonhosted.org/packages/d5/f4/0fbd014909748706c01d16824eadb0307115f9562a15cbb012cd9b3512c5/tomli-2.3.0-cp313-cp313-manylinux2014_x86_64.manylinux_2_17_x86_64.manylinux_2_28_x86_64.whl", hash = "sha256:4021923f97266babc6ccab9f5068642a0095faa0a51a246a6a02fccbb3514eaf", size = 248586, upload-time = "2025-10-08T22:01:21.164Z" },
    { url = "https://files.pythonhosted.org/packages/30/77/fed85e114bde5e81ecf9bc5da0cc69f2914b38f4708c80ae67d0c10180c5/tomli-2.3.0-cp313-cp313-musllinux_1_2_aarch64.whl", hash = "sha256:a4ea38c40145a357d513bffad0ed869f13c1773716cf71ccaa83b0fa0cc4e42f", size = 244792, upload-time = "2025-10-08T22:01:22.417Z" },
    { url = "https://files.pythonhosted.org/packages/55/92/afed3d497f7c186dc71e6ee6d4fcb0acfa5f7d0a1a2878f8beae379ae0cc/tomli-2.3.0-cp313-cp313-musllinux_1_2_x86_64.whl", hash = "sha256:ad805ea85eda330dbad64c7ea7a4556259665bdf9d2672f5dccc740eb9d3ca05", size = 248909, upload-time = "2025-10-08T22:01:23.859Z" },
    { url = "https://files.pythonhosted.org/packages/f8/84/ef50c51b5a9472e7265ce1ffc7f24cd4023d289e109f669bdb1553f6a7c2/tomli-2.3.0-cp313-cp313-win32.whl", hash = "sha256:97d5eec30149fd3294270e889b4234023f2c69747e555a27bd708828353ab606", size = 96946, upload-time = "2025-10-08T22:01:24.893Z" },
    { url = "https://files.pythonhosted.org/packages/b2/b7/718cd1da0884f281f95ccfa3a6cc572d30053cba64603f79d431d3c9b61b/tomli-2.3.0-cp313-cp313-win_amd64.whl", hash = "sha256:0c95ca56fbe89e065c6ead5b593ee64b84a26fca063b5d71a1122bf26e533999", size = 107705, upload-time = "2025-10-08T22:01:26.153Z" },
    { url = "https://files.pythonhosted.org/packages/19/94/aeafa14a52e16163008060506fcb6aa1949d13548d13752171a755c65611/tomli-2.3.0-cp314-cp314-macosx_10_13_x86_64.whl", hash = "sha256:cebc6fe843e0733ee827a282aca4999b596241195f43b4cc371d64fc6639da9e", size = 154244, upload-time = "2025-10-08T22:01:27.06Z" },
    { url = "https://files.pythonhosted.org/packages/db/e4/1e58409aa78eefa47ccd19779fc6f36787edbe7d4cd330eeeedb33a4515b/tomli-2.3.0-cp314-cp314-macosx_11_0_arm64.whl", hash = "sha256:4c2ef0244c75aba9355561272009d934953817c49f47d768070c3c94355c2aa3", size = 148637, upload-time = "2025-10-08T22:01:28.059Z" },
    { url = "https://files.pythonhosted.org/packages/26/b6/d1eccb62f665e44359226811064596dd6a366ea1f985839c566cd61525ae/tomli-2.3.0-cp314-cp314-manylinux2014_aarch64.manylinux_2_17_aarch64.manylinux_2_28_aarch64.whl", hash = "sha256:c22a8bf253bacc0cf11f35ad9808b6cb75ada2631c2d97c971122583b129afbc", size = 241925, upload-time = "2025-10-08T22:01:29.066Z" },
    { url = "https://files.pythonhosted.org/packages/70/91/7cdab9a03e6d3d2bb11beae108da5bdc1c34bdeb06e21163482544ddcc90/tomli-2.3.0-cp314-cp314-manylinux2014_x86_64.manylinux_2_17_x86_64.manylinux_2_28_x86_64.whl", hash = "sha256:0eea8cc5c5e9f89c9b90c4896a8deefc74f518db5927d0e0e8d4a80953d774d0", size = 249045, upload-time = "2025-10-08T22:01:31.98Z" },
    { url = "https://files.pythonhosted.org/packages/15/1b/8c26874ed1f6e4f1fcfeb868db8a794cbe9f227299402db58cfcc858766c/tomli-2.3.0-cp314-cp314-musllinux_1_2_aarch64.whl", hash = "sha256:b74a0e59ec5d15127acdabd75ea17726ac4c5178ae51b85bfe39c4f8a278e879", size = 245835, upload-time = "2025-10-08T22:01:32.989Z" },
    { url = "https://files.pythonhosted.org/packages/fd/42/8e3c6a9a4b1a1360c1a2a39f0b972cef2cc9ebd56025168c4137192a9321/tomli-2.3.0-cp314-cp314-musllinux_1_2_x86_64.whl", hash = "sha256:b5870b50c9db823c595983571d1296a6ff3e1b88f734a4c8f6fc6188397de005", size = 253109, upload-time = "2025-10-08T22:01:34.052Z" },
    { url = "https://files.pythonhosted.org/packages/22/0c/b4da635000a71b5f80130937eeac12e686eefb376b8dee113b4a582bba42/tomli-2.3.0-cp314-cp314-win32.whl", hash = "sha256:feb0dacc61170ed7ab602d3d972a58f14ee3ee60494292d384649a3dc38ef463", size = 97930, upload-time = "2025-10-08T22:01:35.082Z" },
    { url = "https://files.pythonhosted.org/packages/b9/74/cb1abc870a418ae99cd5c9547d6bce30701a954e0e721821df483ef7223c/tomli-2.3.0-cp314-cp314-win_amd64.whl", hash = "sha256:b273fcbd7fc64dc3600c098e39136522650c49bca95df2d11cf3b626422392c8", size = 107964, upload-time = "2025-10-08T22:01:36.057Z" },
    { url = "https://files.pythonhosted.org/packages/54/78/5c46fff6432a712af9f792944f4fcd7067d8823157949f4e40c56b8b3c83/tomli-2.3.0-cp314-cp314t-macosx_10_13_x86_64.whl", hash = "sha256:940d56ee0410fa17ee1f12b817b37a4d4e4dc4d27340863cc67236c74f582e77", size = 163065, upload-time = "2025-10-08T22:01:37.27Z" },
    { url = "https://files.pythonhosted.org/packages/39/67/f85d9bd23182f45eca8939cd2bc7050e1f90c41f4a2ecbbd5963a1d1c486/tomli-2.3.0-cp314-cp314t-macosx_11_0_arm64.whl", hash = "sha256:f85209946d1fe94416debbb88d00eb92ce9cd5266775424ff81bc959e001acaf", size = 159088, upload-time = "2025-10-08T22:01:38.235Z" },
    { url = "https://files.pythonhosted.org/packages/26/5a/4b546a0405b9cc0659b399f12b6adb750757baf04250b148d3c5059fc4eb/tomli-2.3.0-cp314-cp314t-manylinux2014_aarch64.manylinux_2_17_aarch64.manylinux_2_28_aarch64.whl", hash = "sha256:a56212bdcce682e56b0aaf79e869ba5d15a6163f88d5451cbde388d48b13f530", size = 268193, upload-time = "2025-10-08T22:01:39.712Z" },
    { url = "https://files.pythonhosted.org/packages/42/4f/2c12a72ae22cf7b59a7fe75b3465b7aba40ea9145d026ba41cb382075b0e/tomli-2.3.0-cp314-cp314t-manylinux2014_x86_64.manylinux_2_17_x86_64.manylinux_2_28_x86_64.whl", hash = "sha256:c5f3ffd1e098dfc032d4d3af5c0ac64f6d286d98bc148698356847b80fa4de1b", size = 275488, upload-time = "2025-10-08T22:01:40.773Z" },
    { url = "https://files.pythonhosted.org/packages/92/04/a038d65dbe160c3aa5a624e93ad98111090f6804027d474ba9c37c8ae186/tomli-2.3.0-cp314-cp314t-musllinux_1_2_aarch64.whl", hash = "sha256:5e01decd096b1530d97d5d85cb4dff4af2d8347bd35686654a004f8dea20fc67", size = 272669, upload-time = "2025-10-08T22:01:41.824Z" },
    { url = "https://files.pythonhosted.org/packages/be/2f/8b7c60a9d1612a7cbc39ffcca4f21a73bf368a80fc25bccf8253e2563267/tomli-2.3.0-cp314-cp314t-musllinux_1_2_x86_64.whl", hash = "sha256:8a35dd0e643bb2610f156cca8db95d213a90015c11fee76c946aa62b7ae7e02f", size = 279709, upload-time = "2025-10-08T22:01:43.177Z" },
    { url = "https://files.pythonhosted.org/packages/7e/46/cc36c679f09f27ded940281c38607716c86cf8ba4a518d524e349c8b4874/tomli-2.3.0-cp314-cp314t-win32.whl", hash = "sha256:a1f7f282fe248311650081faafa5f4732bdbfef5d45fe3f2e702fbc6f2d496e0", size = 107563, upload-time = "2025-10-08T22:01:44.233Z" },
    { url = "https://files.pythonhosted.org/packages/84/ff/426ca8683cf7b753614480484f6437f568fd2fda2edbdf57a2d3d8b27a0b/tomli-2.3.0-cp314-cp314t-win_amd64.whl", hash = "sha256:70a251f8d4ba2d9ac2542eecf008b3c8a9fc5c3f9f02c56a9d7952612be2fdba", size = 119756, upload-time = "2025-10-08T22:01:45.234Z" },
    { url = "https://files.pythonhosted.org/packages/77/b8/0135fadc89e73be292b473cb820b4f5a08197779206b33191e801feeae40/tomli-2.3.0-py3-none-any.whl", hash = "sha256:e95b1af3c5b07d9e643909b5abbec77cd9f1217e6d0bca72b0234736b9fb1f1b", size = 14408, upload-time = "2025-10-08T22:01:46.04Z" },
]
